// !$*UTF8*$!
{
	archiveVersion = 1;
	classes = {
	};
	objectVersion = 70;
	objects = {

/* Begin PBXBuildFile section */
		7F1201DD2CEEF248001CFDAD /* GradientShadowModifier.swift in Sources */ = {isa = PBXBuildFile; fileRef = 7F1201DC2CEEF248001CFDAD /* GradientShadowModifier.swift */; };
		7F31C4912C3C2DF90084A3D1 /* ListView.swift in Sources */ = {isa = PBXBuildFile; fileRef = 7F31C4902C3C2DF90084A3D1 /* ListView.swift */; };
		7F31C4932C3CE5F30084A3D1 /* ItemView.swift in Sources */ = {isa = PBXBuildFile; fileRef = 7F31C4922C3CE5F30084A3D1 /* ItemView.swift */; };
		7F31C4952C555E410084A3D1 /* CounterView.swift in Sources */ = {isa = PBXBuildFile; fileRef = 7F31C4942C555E410084A3D1 /* CounterView.swift */; };
		7F48480B2CBBADD200E8472B /* NotionListView.swift in Sources */ = {isa = PBXBuildFile; fileRef = 7F48480A2CBBADD200E8472B /* NotionListView.swift */; };
		7F48480E2CBBB13D00E8472B /* Alamofire in Frameworks */ = {isa = PBXBuildFile; productRef = 7F48480D2CBBB13D00E8472B /* Alamofire */; };
		7F4848122CBBB45D00E8472B /* TodoItemView.swift in Sources */ = {isa = PBXBuildFile; fileRef = 7F4848112CBBB45D00E8472B /* TodoItemView.swift */; };
		7F4848142CBBB8F400E8472B /* APIClient.swift in Sources */ = {isa = PBXBuildFile; fileRef = 7F4848132CBBB8F400E8472B /* APIClient.swift */; };
		7F4848182CBBD0DC00E8472B /* ArkanaKeys in Frameworks */ = {isa = PBXBuildFile; productRef = 7F4848172CBBD0DC00E8472B /* ArkanaKeys */; };
		7F5CFA1F2CF429F3006F57B7 /* CustomButtonStyle.swift in Sources */ = {isa = PBXBuildFile; fileRef = 7F5CFA1E2CF429F3006F57B7 /* CustomButtonStyle.swift */; };
		7F915BD02C37A9110014A0A5 /* SwiftUISamplesApp.swift in Sources */ = {isa = PBXBuildFile; fileRef = 7F915BCF2C37A9110014A0A5 /* SwiftUISamplesApp.swift */; };
		7F915BD22C37A9110014A0A5 /* ContentView.swift in Sources */ = {isa = PBXBuildFile; fileRef = 7F915BD12C37A9110014A0A5 /* ContentView.swift */; };
		7F915BD42C37A9130014A0A5 /* Assets.xcassets in Resources */ = {isa = PBXBuildFile; fileRef = 7F915BD32C37A9130014A0A5 /* Assets.xcassets */; };
		7F915BD72C37A9130014A0A5 /* Preview Assets.xcassets in Resources */ = {isa = PBXBuildFile; fileRef = 7F915BD62C37A9130014A0A5 /* Preview Assets.xcassets */; };
		7F915BDE2C37AB4D0014A0A5 /* SecondView.swift in Sources */ = {isa = PBXBuildFile; fileRef = 7F915BDD2C37AB4D0014A0A5 /* SecondView.swift */; };
		7FFF430C2E1A11000016582F /* LanguageState.swift in Sources */ = {isa = PBXBuildFile; fileRef = 7FFF43082E1A11000016582F /* LanguageState.swift */; };
		7FFF430D2E1A11000016582F /* LanguageType.swift in Sources */ = {isa = PBXBuildFile; fileRef = 7FFF43092E1A11000016582F /* LanguageType.swift */; };
		7FFF430E2E1A11000016582F /* Localizable.xcstrings in Resources */ = {isa = PBXBuildFile; fileRef = 7FFF430A2E1A11000016582F /* Localizable.xcstrings */; };
/* End PBXBuildFile section */

/* Begin PBXContainerItemProxy section */
		7FFF42F92E18BAD30016582F /* PBXContainerItemProxy */ = {
			isa = PBXContainerItemProxy;
			containerPortal = 7F915BC42C37A9110014A0A5 /* Project object */;
			proxyType = 1;
			remoteGlobalIDString = 7F915BCB2C37A9110014A0A5;
			remoteInfo = SwiftUISamples;
		};
/* End PBXContainerItemProxy section */

/* Begin PBXFileReference section */
		7F1201DC2CEEF248001CFDAD /* GradientShadowModifier.swift */ = {isa = PBXFileReference; lastKnownFileType = sourcecode.swift; path = GradientShadowModifier.swift; sourceTree = "<group>"; };
		7F31C4902C3C2DF90084A3D1 /* ListView.swift */ = {isa = PBXFileReference; lastKnownFileType = sourcecode.swift; path = ListView.swift; sourceTree = "<group>"; };
		7F31C4922C3CE5F30084A3D1 /* ItemView.swift */ = {isa = PBXFileReference; lastKnownFileType = sourcecode.swift; path = ItemView.swift; sourceTree = "<group>"; };
		7F31C4942C555E410084A3D1 /* CounterView.swift */ = {isa = PBXFileReference; lastKnownFileType = sourcecode.swift; path = CounterView.swift; sourceTree = "<group>"; };
		7F48480A2CBBADD200E8472B /* NotionListView.swift */ = {isa = PBXFileReference; lastKnownFileType = sourcecode.swift; path = NotionListView.swift; sourceTree = "<group>"; };
		7F4848112CBBB45D00E8472B /* TodoItemView.swift */ = {isa = PBXFileReference; lastKnownFileType = sourcecode.swift; path = TodoItemView.swift; sourceTree = "<group>"; };
		7F4848132CBBB8F400E8472B /* APIClient.swift */ = {isa = PBXFileReference; lastKnownFileType = sourcecode.swift; path = APIClient.swift; sourceTree = "<group>"; };
		7F4848152CBBCD4E00E8472B /* Info.plist */ = {isa = PBXFileReference; lastKnownFileType = text.plist; path = Info.plist; sourceTree = "<group>"; };
		7F5CFA1E2CF429F3006F57B7 /* CustomButtonStyle.swift */ = {isa = PBXFileReference; lastKnownFileType = sourcecode.swift; path = CustomButtonStyle.swift; sourceTree = "<group>"; };
		7F915BCC2C37A9110014A0A5 /* SwiftUISamples.app */ = {isa = PBXFileReference; explicitFileType = wrapper.application; includeInIndex = 0; path = SwiftUISamples.app; sourceTree = BUILT_PRODUCTS_DIR; };
		7F915BCF2C37A9110014A0A5 /* SwiftUISamplesApp.swift */ = {isa = PBXFileReference; lastKnownFileType = sourcecode.swift; path = SwiftUISamplesApp.swift; sourceTree = "<group>"; };
		7F915BD12C37A9110014A0A5 /* ContentView.swift */ = {isa = PBXFileReference; lastKnownFileType = sourcecode.swift; path = ContentView.swift; sourceTree = "<group>"; };
		7F915BD32C37A9130014A0A5 /* Assets.xcassets */ = {isa = PBXFileReference; lastKnownFileType = folder.assetcatalog; path = Assets.xcassets; sourceTree = "<group>"; };
		7F915BD62C37A9130014A0A5 /* Preview Assets.xcassets */ = {isa = PBXFileReference; lastKnownFileType = folder.assetcatalog; path = "Preview Assets.xcassets"; sourceTree = "<group>"; };
		7F915BDD2C37AB4D0014A0A5 /* SecondView.swift */ = {isa = PBXFileReference; lastKnownFileType = sourcecode.swift; path = SecondView.swift; sourceTree = "<group>"; };
		7FFF42F52E18BAD30016582F /* SwiftUISamplesTests.xctest */ = {isa = PBXFileReference; explicitFileType = wrapper.cfbundle; includeInIndex = 0; path = SwiftUISamplesTests.xctest; sourceTree = BUILT_PRODUCTS_DIR; };
		7FFF43082E1A11000016582F /* LanguageState.swift */ = {isa = PBXFileReference; lastKnownFileType = sourcecode.swift; path = LanguageState.swift; sourceTree = "<group>"; };
		7FFF43092E1A11000016582F /* LanguageType.swift */ = {isa = PBXFileReference; lastKnownFileType = sourcecode.swift; path = LanguageType.swift; sourceTree = "<group>"; };
		7FFF430A2E1A11000016582F /* Localizable.xcstrings */ = {isa = PBXFileReference; lastKnownFileType = text.json.xcstrings; path = Localizable.xcstrings; sourceTree = "<group>"; };
/* End PBXFileReference section */

/* Begin PBXFileSystemSynchronizedRootGroup section */
		7FFF42F62E18BAD30016582F /* SwiftUISamplesTests */ = {isa = PBXFileSystemSynchronizedRootGroup; explicitFileTypes = {}; explicitFolders = (); path = SwiftUISamplesTests; sourceTree = "<group>"; };
/* End PBXFileSystemSynchronizedRootGroup section */

/* Begin PBXFrameworksBuildPhase section */
		7F915BC92C37A9110014A0A5 /* Frameworks */ = {
			isa = PBXFrameworksBuildPhase;
			buildActionMask = 2147483647;
			files = (
				7F4848182CBBD0DC00E8472B /* ArkanaKeys in Frameworks */,
				7F48480E2CBBB13D00E8472B /* Alamofire in Frameworks */,
			);
			runOnlyForDeploymentPostprocessing = 0;
		};
		7FFF42F22E18BAD30016582F /* Frameworks */ = {
			isa = PBXFrameworksBuildPhase;
			buildActionMask = 2147483647;
			files = (
			);
			runOnlyForDeploymentPostprocessing = 0;
		};
/* End PBXFrameworksBuildPhase section */

/* Begin PBXGroup section */
		7F5CFA1D2CF429CE006F57B7 /* CustomUI */ = {
			isa = PBXGroup;
			children = (
				7F5CFA1E2CF429F3006F57B7 /* CustomButtonStyle.swift */,
			);
			path = CustomUI;
			sourceTree = "<group>";
		};
		7F915BC32C37A9110014A0A5 = {
			isa = PBXGroup;
			children = (
				7F915BCE2C37A9110014A0A5 /* SwiftUISamples */,
				7FFF42F62E18BAD30016582F /* SwiftUISamplesTests */,
				7F915BCD2C37A9110014A0A5 /* Products */,
			);
			sourceTree = "<group>";
		};
		7F915BCD2C37A9110014A0A5 /* Products */ = {
			isa = PBXGroup;
			children = (
				7F915BCC2C37A9110014A0A5 /* SwiftUISamples.app */,
				7FFF42F52E18BAD30016582F /* SwiftUISamplesTests.xctest */,
			);
			name = Products;
			sourceTree = "<group>";
		};
		7F915BCE2C37A9110014A0A5 /* SwiftUISamples */ = {
			isa = PBXGroup;
			children = (
				7FFF430B2E1A11000016582F /* Language */,
				7F5CFA1D2CF429CE006F57B7 /* CustomUI */,
				7F4848152CBBCD4E00E8472B /* Info.plist */,
				7F915BCF2C37A9110014A0A5 /* SwiftUISamplesApp.swift */,
				7F915BD12C37A9110014A0A5 /* ContentView.swift */,
				7F915BDD2C37AB4D0014A0A5 /* SecondView.swift */,
				7F31C4902C3C2DF90084A3D1 /* ListView.swift */,
				7F31C4922C3CE5F30084A3D1 /* ItemView.swift */,
				7F915BD32C37A9130014A0A5 /* Assets.xcassets */,
				7F915BD52C37A9130014A0A5 /* Preview Content */,
				7F31C4942C555E410084A3D1 /* CounterView.swift */,
				7F48480A2CBBADD200E8472B /* NotionListView.swift */,
				7F4848112CBBB45D00E8472B /* TodoItemView.swift */,
				7F4848132CBBB8F400E8472B /* APIClient.swift */,
				7F1201DC2CEEF248001CFDAD /* GradientShadowModifier.swift */,
			);
			path = SwiftUISamples;
			sourceTree = "<group>";
		};
		7F915BD52C37A9130014A0A5 /* Preview Content */ = {
			isa = PBXGroup;
			children = (
				7F915BD62C37A9130014A0A5 /* Preview Assets.xcassets */,
			);
			path = "Preview Content";
			sourceTree = "<group>";
		};
		7FFF430B2E1A11000016582F /* Language */ = {
			isa = PBXGroup;
			children = (
				7FFF43082E1A11000016582F /* LanguageState.swift */,
				7FFF43092E1A11000016582F /* LanguageType.swift */,
				7FFF430A2E1A11000016582F /* Localizable.xcstrings */,
			);
			path = Language;
			sourceTree = "<group>";
		};
/* End PBXGroup section */

/* Begin PBXNativeTarget section */
		7F915BCB2C37A9110014A0A5 /* SwiftUISamples */ = {
			isa = PBXNativeTarget;
			buildConfigurationList = 7F915BDA2C37A9130014A0A5 /* Build configuration list for PBXNativeTarget "SwiftUISamples" */;
			buildPhases = (
				7F915BC82C37A9110014A0A5 /* Sources */,
				7F915BC92C37A9110014A0A5 /* Frameworks */,
				7F915BCA2C37A9110014A0A5 /* Resources */,
			);
			buildRules = (
			);
			dependencies = (
			);
			name = SwiftUISamples;
			packageProductDependencies = (
				7F48480D2CBBB13D00E8472B /* Alamofire */,
				7F4848172CBBD0DC00E8472B /* ArkanaKeys */,
			);
			productName = SwiftUISamples;
			productReference = 7F915BCC2C37A9110014A0A5 /* SwiftUISamples.app */;
			productType = "com.apple.product-type.application";
		};
		7FFF42F42E18BAD30016582F /* SwiftUISamplesTests */ = {
			isa = PBXNativeTarget;
			buildConfigurationList = 7FFF42FB2E18BAD30016582F /* Build configuration list for PBXNativeTarget "SwiftUISamplesTests" */;
			buildPhases = (
				7FFF42F12E18BAD30016582F /* Sources */,
				7FFF42F22E18BAD30016582F /* Frameworks */,
				7FFF42F32E18BAD30016582F /* Resources */,
			);
			buildRules = (
			);
			dependencies = (
				7FFF42FA2E18BAD30016582F /* PBXTargetDependency */,
			);
			fileSystemSynchronizedGroups = (
				7FFF42F62E18BAD30016582F /* SwiftUISamplesTests */,
			);
			name = SwiftUISamplesTests;
			packageProductDependencies = (
			);
			productName = SwiftUISamplesTests;
			productReference = 7FFF42F52E18BAD30016582F /* SwiftUISamplesTests.xctest */;
			productType = "com.apple.product-type.bundle.unit-test";
		};
/* End PBXNativeTarget section */

/* Begin PBXProject section */
		7F915BC42C37A9110014A0A5 /* Project object */ = {
			isa = PBXProject;
			attributes = {
				BuildIndependentTargetsInParallel = 1;
				LastSwiftUpdateCheck = 1640;
				LastUpgradeCheck = 1540;
				TargetAttributes = {
					7F915BCB2C37A9110014A0A5 = {
						CreatedOnToolsVersion = 15.4;
					};
					7FFF42F42E18BAD30016582F = {
						CreatedOnToolsVersion = 16.4;
						TestTargetID = 7F915BCB2C37A9110014A0A5;
					};
				};
			};
			buildConfigurationList = 7F915BC72C37A9110014A0A5 /* Build configuration list for PBXProject "SwiftUISamples" */;
			compatibilityVersion = "Xcode 14.0";
			developmentRegion = ko;
			hasScannedForEncodings = 0;
			knownRegions = (
				en,
				Base,
				ja,
				ko,
			);
			mainGroup = 7F915BC32C37A9110014A0A5;
			packageReferences = (
				7F48480C2CBBB13D00E8472B /* XCRemoteSwiftPackageReference "Alamofire" */,
				7F4848162CBBD0DC00E8472B /* XCLocalSwiftPackageReference "ArkanaKeys/ArkanaKeys" */,
			);
			productRefGroup = 7F915BCD2C37A9110014A0A5 /* Products */;
			projectDirPath = "";
			projectRoot = "";
			targets = (
				7F915BCB2C37A9110014A0A5 /* SwiftUISamples */,
				7FFF42F42E18BAD30016582F /* SwiftUISamplesTests */,
			);
		};
/* End PBXProject section */

/* Begin PBXResourcesBuildPhase section */
		7F915BCA2C37A9110014A0A5 /* Resources */ = {
			isa = PBXResourcesBuildPhase;
			buildActionMask = 2147483647;
			files = (
				7F915BD72C37A9130014A0A5 /* Preview Assets.xcassets in Resources */,
				7F915BD42C37A9130014A0A5 /* Assets.xcassets in Resources */,
				7FFF430E2E1A11000016582F /* Localizable.xcstrings in Resources */,
			);
			runOnlyForDeploymentPostprocessing = 0;
		};
		7FFF42F32E18BAD30016582F /* Resources */ = {
			isa = PBXResourcesBuildPhase;
			buildActionMask = 2147483647;
			files = (
			);
			runOnlyForDeploymentPostprocessing = 0;
		};
/* End PBXResourcesBuildPhase section */

/* Begin PBXSourcesBuildPhase section */
		7F915BC82C37A9110014A0A5 /* Sources */ = {
			isa = PBXSourcesBuildPhase;
			buildActionMask = 2147483647;
			files = (
				7F31C4912C3C2DF90084A3D1 /* ListView.swift in Sources */,
				7F48480B2CBBADD200E8472B /* NotionListView.swift in Sources */,
				7F915BDE2C37AB4D0014A0A5 /* SecondView.swift in Sources */,
				7F915BD22C37A9110014A0A5 /* ContentView.swift in Sources */,
				7F31C4932C3CE5F30084A3D1 /* ItemView.swift in Sources */,
				7F5CFA1F2CF429F3006F57B7 /* CustomButtonStyle.swift in Sources */,
				7F4848122CBBB45D00E8472B /* TodoItemView.swift in Sources */,
				7F915BD02C37A9110014A0A5 /* SwiftUISamplesApp.swift in Sources */,
				7F31C4952C555E410084A3D1 /* CounterView.swift in Sources */,
				7F1201DD2CEEF248001CFDAD /* GradientShadowModifier.swift in Sources */,
				7FFF430C2E1A11000016582F /* LanguageState.swift in Sources */,
				7FFF430D2E1A11000016582F /* LanguageType.swift in Sources */,
				7F4848142CBBB8F400E8472B /* APIClient.swift in Sources */,
			);
			runOnlyForDeploymentPostprocessing = 0;
		};
		7FFF42F12E18BAD30016582F /* Sources */ = {
			isa = PBXSourcesBuildPhase;
			buildActionMask = 2147483647;
			files = (
			);
			runOnlyForDeploymentPostprocessing = 0;
		};
/* End PBXSourcesBuildPhase section */

/* Begin PBXTargetDependency section */
		7FFF42FA2E18BAD30016582F /* PBXTargetDependency */ = {
			isa = PBXTargetDependency;
			target = 7F915BCB2C37A9110014A0A5 /* SwiftUISamples */;
			targetProxy = 7FFF42F92E18BAD30016582F /* PBXContainerItemProxy */;
		};
/* End PBXTargetDependency section */

/* Begin XCBuildConfiguration section */
		7F915BD82C37A9130014A0A5 /* Debug */ = {
			isa = XCBuildConfiguration;
			buildSettings = {
				ALWAYS_SEARCH_USER_PATHS = NO;
				ASSETCATALOG_COMPILER_GENERATE_SWIFT_ASSET_SYMBOL_EXTENSIONS = YES;
				CLANG_ANALYZER_NONNULL = YES;
				CLANG_ANALYZER_NUMBER_OBJECT_CONVERSION = YES_AGGRESSIVE;
				CLANG_CXX_LANGUAGE_STANDARD = "gnu++20";
				CLANG_ENABLE_MODULES = YES;
				CLANG_ENABLE_OBJC_ARC = YES;
				CLANG_ENABLE_OBJC_WEAK = YES;
				CLANG_WARN_BLOCK_CAPTURE_AUTORELEASING = YES;
				CLANG_WARN_BOOL_CONVERSION = YES;
				CLANG_WARN_COMMA = YES;
				CLANG_WARN_CONSTANT_CONVERSION = YES;
				CLANG_WARN_DEPRECATED_OBJC_IMPLEMENTATIONS = YES;
				CLANG_WARN_DIRECT_OBJC_ISA_USAGE = YES_ERROR;
				CLANG_WARN_DOCUMENTATION_COMMENTS = YES;
				CLANG_WARN_EMPTY_BODY = YES;
				CLANG_WARN_ENUM_CONVERSION = YES;
				CLANG_WARN_INFINITE_RECURSION = YES;
				CLANG_WARN_INT_CONVERSION = YES;
				CLANG_WARN_NON_LITERAL_NULL_CONVERSION = YES;
				CLANG_WARN_OBJC_IMPLICIT_RETAIN_SELF = YES;
				CLANG_WARN_OBJC_LITERAL_CONVERSION = YES;
				CLANG_WARN_OBJC_ROOT_CLASS = YES_ERROR;
				CLANG_WARN_QUOTED_INCLUDE_IN_FRAMEWORK_HEADER = YES;
				CLANG_WARN_RANGE_LOOP_ANALYSIS = YES;
				CLANG_WARN_STRICT_PROTOTYPES = YES;
				CLANG_WARN_SUSPICIOUS_MOVE = YES;
				CLANG_WARN_UNGUARDED_AVAILABILITY = YES_AGGRESSIVE;
				CLANG_WARN_UNREACHABLE_CODE = YES;
				CLANG_WARN__DUPLICATE_METHOD_MATCH = YES;
				COPY_PHASE_STRIP = NO;
				DEBUG_INFORMATION_FORMAT = dwarf;
				ENABLE_STRICT_OBJC_MSGSEND = YES;
				ENABLE_TESTABILITY = YES;
				ENABLE_USER_SCRIPT_SANDBOXING = YES;
				GCC_C_LANGUAGE_STANDARD = gnu17;
				GCC_DYNAMIC_NO_PIC = NO;
				GCC_NO_COMMON_BLOCKS = YES;
				GCC_OPTIMIZATION_LEVEL = 0;
				GCC_PREPROCESSOR_DEFINITIONS = (
					"DEBUG=1",
					"$(inherited)",
				);
				GCC_WARN_64_TO_32_BIT_CONVERSION = YES;
				GCC_WARN_ABOUT_RETURN_TYPE = YES_ERROR;
				GCC_WARN_UNDECLARED_SELECTOR = YES;
				GCC_WARN_UNINITIALIZED_AUTOS = YES_AGGRESSIVE;
				GCC_WARN_UNUSED_FUNCTION = YES;
				GCC_WARN_UNUSED_VARIABLE = YES;
				IPHONEOS_DEPLOYMENT_TARGET = 17.5;
				LOCALIZATION_PREFERS_STRING_CATALOGS = YES;
				MTL_ENABLE_DEBUG_INFO = INCLUDE_SOURCE;
				MTL_FAST_MATH = YES;
				ONLY_ACTIVE_ARCH = YES;
				SDKROOT = iphoneos;
				SWIFT_ACTIVE_COMPILATION_CONDITIONS = "DEBUG $(inherited)";
				SWIFT_EMIT_LOC_STRINGS = YES;
				SWIFT_OPTIMIZATION_LEVEL = "-Onone";
			};
			name = Debug;
		};
		7F915BD92C37A9130014A0A5 /* Release */ = {
			isa = XCBuildConfiguration;
			buildSettings = {
				ALWAYS_SEARCH_USER_PATHS = NO;
				ASSETCATALOG_COMPILER_GENERATE_SWIFT_ASSET_SYMBOL_EXTENSIONS = YES;
				CLANG_ANALYZER_NONNULL = YES;
				CLANG_ANALYZER_NUMBER_OBJECT_CONVERSION = YES_AGGRESSIVE;
				CLANG_CXX_LANGUAGE_STANDARD = "gnu++20";
				CLANG_ENABLE_MODULES = YES;
				CLANG_ENABLE_OBJC_ARC = YES;
				CLANG_ENABLE_OBJC_WEAK = YES;
				CLANG_WARN_BLOCK_CAPTURE_AUTORELEASING = YES;
				CLANG_WARN_BOOL_CONVERSION = YES;
				CLANG_WARN_COMMA = YES;
				CLANG_WARN_CONSTANT_CONVERSION = YES;
				CLANG_WARN_DEPRECATED_OBJC_IMPLEMENTATIONS = YES;
				CLANG_WARN_DIRECT_OBJC_ISA_USAGE = YES_ERROR;
				CLANG_WARN_DOCUMENTATION_COMMENTS = YES;
				CLANG_WARN_EMPTY_BODY = YES;
				CLANG_WARN_ENUM_CONVERSION = YES;
				CLANG_WARN_INFINITE_RECURSION = YES;
				CLANG_WARN_INT_CONVERSION = YES;
				CLANG_WARN_NON_LITERAL_NULL_CONVERSION = YES;
				CLANG_WARN_OBJC_IMPLICIT_RETAIN_SELF = YES;
				CLANG_WARN_OBJC_LITERAL_CONVERSION = YES;
				CLANG_WARN_OBJC_ROOT_CLASS = YES_ERROR;
				CLANG_WARN_QUOTED_INCLUDE_IN_FRAMEWORK_HEADER = YES;
				CLANG_WARN_RANGE_LOOP_ANALYSIS = YES;
				CLANG_WARN_STRICT_PROTOTYPES = YES;
				CLANG_WARN_SUSPICIOUS_MOVE = YES;
				CLANG_WARN_UNGUARDED_AVAILABILITY = YES_AGGRESSIVE;
				CLANG_WARN_UNREACHABLE_CODE = YES;
				CLANG_WARN__DUPLICATE_METHOD_MATCH = YES;
				COPY_PHASE_STRIP = NO;
				DEBUG_INFORMATION_FORMAT = "dwarf-with-dsym";
				ENABLE_NS_ASSERTIONS = NO;
				ENABLE_STRICT_OBJC_MSGSEND = YES;
				ENABLE_USER_SCRIPT_SANDBOXING = YES;
				GCC_C_LANGUAGE_STANDARD = gnu17;
				GCC_NO_COMMON_BLOCKS = YES;
				GCC_WARN_64_TO_32_BIT_CONVERSION = YES;
				GCC_WARN_ABOUT_RETURN_TYPE = YES_ERROR;
				GCC_WARN_UNDECLARED_SELECTOR = YES;
				GCC_WARN_UNINITIALIZED_AUTOS = YES_AGGRESSIVE;
				GCC_WARN_UNUSED_FUNCTION = YES;
				GCC_WARN_UNUSED_VARIABLE = YES;
				IPHONEOS_DEPLOYMENT_TARGET = 17.5;
				LOCALIZATION_PREFERS_STRING_CATALOGS = YES;
				MTL_ENABLE_DEBUG_INFO = NO;
				MTL_FAST_MATH = YES;
				SDKROOT = iphoneos;
				SWIFT_COMPILATION_MODE = wholemodule;
				SWIFT_EMIT_LOC_STRINGS = YES;
				VALIDATE_PRODUCT = YES;
			};
			name = Release;
		};
		7F915BDB2C37A9130014A0A5 /* Debug */ = {
			isa = XCBuildConfiguration;
			buildSettings = {
				ASSETCATALOG_COMPILER_APPICON_NAME = AppIcon;
				ASSETCATALOG_COMPILER_GLOBAL_ACCENT_COLOR_NAME = AccentColor;
				CODE_SIGN_STYLE = Automatic;
				CURRENT_PROJECT_VERSION = 1;
				DEVELOPMENT_ASSET_PATHS = "\"SwiftUISamples/Preview Content\"";
				DEVELOPMENT_TEAM = MN4377FCNS;
				ENABLE_PREVIEWS = YES;
				GENERATE_INFOPLIST_FILE = YES;
				INFOPLIST_FILE = SwiftUISamples/Info.plist;
				INFOPLIST_KEY_UIApplicationSceneManifest_Generation = YES;
				INFOPLIST_KEY_UIApplicationSupportsIndirectInputEvents = YES;
				INFOPLIST_KEY_UILaunchScreen_Generation = YES;
				INFOPLIST_KEY_UISupportedInterfaceOrientations_iPad = "UIInterfaceOrientationPortrait UIInterfaceOrientationPortraitUpsideDown UIInterfaceOrientationLandscapeLeft UIInterfaceOrientationLandscapeRight";
				INFOPLIST_KEY_UISupportedInterfaceOrientations_iPhone = "UIInterfaceOrientationPortrait UIInterfaceOrientationLandscapeLeft UIInterfaceOrientationLandscapeRight";
				LD_RUNPATH_SEARCH_PATHS = (
					"$(inherited)",
					"@executable_path/Frameworks",
				);
				MARKETING_VERSION = 1.0;
				PRODUCT_BUNDLE_IDENTIFIER = ayaka.com.SwiftUISamples;
				PRODUCT_NAME = "$(TARGET_NAME)";
				SWIFT_EMIT_LOC_STRINGS = YES;
				SWIFT_STRICT_CONCURRENCY = complete;
				SWIFT_VERSION = 6.0;
				TARGETED_DEVICE_FAMILY = "1,2";
			};
			name = Debug;
		};
		7F915BDC2C37A9130014A0A5 /* Release */ = {
			isa = XCBuildConfiguration;
			buildSettings = {
				ASSETCATALOG_COMPILER_APPICON_NAME = AppIcon;
				ASSETCATALOG_COMPILER_GLOBAL_ACCENT_COLOR_NAME = AccentColor;
				CODE_SIGN_STYLE = Automatic;
				CURRENT_PROJECT_VERSION = 1;
				DEVELOPMENT_ASSET_PATHS = "\"SwiftUISamples/Preview Content\"";
				DEVELOPMENT_TEAM = MN4377FCNS;
				ENABLE_PREVIEWS = YES;
				GENERATE_INFOPLIST_FILE = YES;
				INFOPLIST_FILE = SwiftUISamples/Info.plist;
				INFOPLIST_KEY_UIApplicationSceneManifest_Generation = YES;
				INFOPLIST_KEY_UIApplicationSupportsIndirectInputEvents = YES;
				INFOPLIST_KEY_UILaunchScreen_Generation = YES;
				INFOPLIST_KEY_UISupportedInterfaceOrientations_iPad = "UIInterfaceOrientationPortrait UIInterfaceOrientationPortraitUpsideDown UIInterfaceOrientationLandscapeLeft UIInterfaceOrientationLandscapeRight";
				INFOPLIST_KEY_UISupportedInterfaceOrientations_iPhone = "UIInterfaceOrientationPortrait UIInterfaceOrientationLandscapeLeft UIInterfaceOrientationLandscapeRight";
				LD_RUNPATH_SEARCH_PATHS = (
					"$(inherited)",
					"@executable_path/Frameworks",
				);
				MARKETING_VERSION = 1.0;
				PRODUCT_BUNDLE_IDENTIFIER = ayaka.com.SwiftUISamples;
				PRODUCT_NAME = "$(TARGET_NAME)";
				SWIFT_EMIT_LOC_STRINGS = YES;
				SWIFT_STRICT_CONCURRENCY = complete;
				SWIFT_VERSION = 6.0;
				TARGETED_DEVICE_FAMILY = "1,2";
			};
			name = Release;
		};
		7FFF42FC2E18BAD30016582F /* Debug */ = {
			isa = XCBuildConfiguration;
			buildSettings = {
				BUNDLE_LOADER = "$(TEST_HOST)";
				CODE_SIGN_STYLE = Automatic;
				CURRENT_PROJECT_VERSION = 1;
				DEVELOPMENT_TEAM = MN4377FCNS;
				GENERATE_INFOPLIST_FILE = YES;
				IPHONEOS_DEPLOYMENT_TARGET = 18.4;
				MARKETING_VERSION = 1.0;
				PRODUCT_BUNDLE_IDENTIFIER = ayaka.com.SwiftUISamplesTests;
				PRODUCT_NAME = "$(TARGET_NAME)";
				SWIFT_EMIT_LOC_STRINGS = NO;
				SWIFT_VERSION = 5.0;
				TARGETED_DEVICE_FAMILY = "1,2";
				TEST_HOST = "$(BUILT_PRODUCTS_DIR)/SwiftUISamples.app/$(BUNDLE_EXECUTABLE_FOLDER_PATH)/SwiftUISamples";
			};
			name = Debug;
		};
		7FFF42FD2E18BAD30016582F /* Release */ = {
			isa = XCBuildConfiguration;
			buildSettings = {
				BUNDLE_LOADER = "$(TEST_HOST)";
				CODE_SIGN_STYLE = Automatic;
				CURRENT_PROJECT_VERSION = 1;
				DEVELOPMENT_TEAM = MN4377FCNS;
				GENERATE_INFOPLIST_FILE = YES;
				IPHONEOS_DEPLOYMENT_TARGET = 18.4;
				MARKETING_VERSION = 1.0;
				PRODUCT_BUNDLE_IDENTIFIER = ayaka.com.SwiftUISamplesTests;
				PRODUCT_NAME = "$(TARGET_NAME)";
				SWIFT_EMIT_LOC_STRINGS = NO;
				SWIFT_VERSION = 5.0;
				TARGETED_DEVICE_FAMILY = "1,2";
				TEST_HOST = "$(BUILT_PRODUCTS_DIR)/SwiftUISamples.app/$(BUNDLE_EXECUTABLE_FOLDER_PATH)/SwiftUISamples";
			};
			name = Release;
		};
/* End XCBuildConfiguration section */

/* Begin XCConfigurationList section */
		7F915BC72C37A9110014A0A5 /* Build configuration list for PBXProject "SwiftUISamples" */ = {
			isa = XCConfigurationList;
			buildConfigurations = (
				7F915BD82C37A9130014A0A5 /* Debug */,
				7F915BD92C37A9130014A0A5 /* Release */,
			);
			defaultConfigurationIsVisible = 0;
			defaultConfigurationName = Release;
		};
		7F915BDA2C37A9130014A0A5 /* Build configuration list for PBXNativeTarget "SwiftUISamples" */ = {
			isa = XCConfigurationList;
			buildConfigurations = (
				7F915BDB2C37A9130014A0A5 /* Debug */,
				7F915BDC2C37A9130014A0A5 /* Release */,
			);
			defaultConfigurationIsVisible = 0;
			defaultConfigurationName = Release;
		};
		7FFF42FB2E18BAD30016582F /* Build configuration list for PBXNativeTarget "SwiftUISamplesTests" */ = {
			isa = XCConfigurationList;
			buildConfigurations = (
				7FFF42FC2E18BAD30016582F /* Debug */,
				7FFF42FD2E18BAD30016582F /* Release */,
			);
			defaultConfigurationIsVisible = 0;
			defaultConfigurationName = Release;
		};
/* End XCConfigurationList section */

/* Begin XCLocalSwiftPackageReference section */
		7F4848162CBBD0DC00E8472B /* XCLocalSwiftPackageReference "ArkanaKeys/ArkanaKeys" */ = {
			isa = XCLocalSwiftPackageReference;
			relativePath = ArkanaKeys/ArkanaKeys;
		};
/* End XCLocalSwiftPackageReference section */

/* Begin XCRemoteSwiftPackageReference section */
		7F48480C2CBBB13D00E8472B /* XCRemoteSwiftPackageReference "Alamofire" */ = {
			isa = XCRemoteSwiftPackageReference;
			repositoryURL = "https://github.com/Alamofire/Alamofire.git";
			requirement = {
				kind = upToNextMajorVersion;
				minimumVersion = 5.9.1;
			};
		};
/* End XCRemoteSwiftPackageReference section */

/* Begin XCSwiftPackageProductDependency section */
		7F48480D2CBBB13D00E8472B /* Alamofire */ = {
			isa = XCSwiftPackageProductDependency;
			package = 7F48480C2CBBB13D00E8472B /* XCRemoteSwiftPackageReference "Alamofire" */;
			productName = Alamofire;
		};
		7F4848172CBBD0DC00E8472B /* ArkanaKeys */ = {
			isa = XCSwiftPackageProductDependency;
			productName = ArkanaKeys;
		};
/* End XCSwiftPackageProductDependency section */
	};
	rootObject = 7F915BC42C37A9110014A0A5 /* Project object */;
}
